github.com/Tom5521/CmdRunTools v1.3.2 h1:YJ5Sp0Zso8jlKO3iR2w4i5otOTnWakFIeZJCZ/stfhE=
github.com/Tom5521/CmdRunTools v1.3.2/go.mod h1:plBMPx+TAzHknZ/yX347w7p2Astm0MWrZS9dF/KCR/4=
github.com/Tom5521/MyGolangTools v0.0.0-20230806053540-1d169699a019 h1:SNXIavRN8EMNEZb8LVOFEZl1pgvPALH5UIHrlOBM8Qw=
github.com/Tom5521/MyGolangTools v0.0.0-20230806053540-1d169699a019/go.mod h1:QovXEupbIBTOVIJ97GiRFabS4UJQm+Me4n3D2rkf6vg=
